
Microsoft Visual Studio Solution File, Format Version 12.00
# Visual Studio 15
VisualStudioVersion = 15.0.35026.233
MinimumVisualStudioVersion = 10.0.40219.1
Project("{FAE04EC0-301F-11D3-BF4B-00C04F79EFBC}") = "VGA_SIMULATOR", "VGA_SIMULATOR\VGA_SIMULATOR.csproj", "{44B17EB0-21B1-4D51-86F9-8820F85F21CE}"
EndProject
Global
	GlobalSection(SolutionConfigurationPlatforms) = preSolution
		Debug|Any CPU = Debug|Any CPU
		Release|Any CPU = Release|Any CPU
	EndGlobalSection
	GlobalSection(ProjectConfigurationPlatforms) = postSolution
		{44B17EB0-21B1-4D51-86F9-8820F85F21CE}.Debug|Any CPU.ActiveCfg = Debug|Any CPU
		{44B17EB0-21B1-4D51-86F9-8820F85F21CE}.Debug|Any CPU.Build.0 = Debug|Any CPU
		{44B17EB0-21B1-4D51-86F9-8820F85F21CE}.Release|Any CPU.ActiveCfg = Release|Any CPU
		{44B17EB0-21B1-4D51-86F9-8820F85F21CE}.Release|Any CPU.Build.0 = Release|Any CPU
	EndGlobalSection
	GlobalSection(SolutionProperties) = preSolution
		HideSolutionNode = FALSE
	EndGlobalSection
	GlobalSection(ExtensibilityGlobals) = postSolution
		SolutionGuid = {DAAC328F-14E6-473A-8D76-44C0042D2BF2}
	EndGlobalSection
EndGlobal
